github.com/NYTimes/gziphandler v1.1.1 h1:ZUDjpQae29j0ryrS0u/B8HZfJBtBQHjqw2rQ2cqUQ3I=
github.com/NYTimes/gziphandler v1.1.1/go.mod h1:n/CVRwUEOgIxrgPvAQhUUr9oeUtvrhMomdKFjzJNB0c=
github.com/alecthomas/assert v0.0.0-20170929043011-405dbfeb8e38 h1:smF2tmSOzy2Mm+0dGI2AIUHY+w0BUc+4tn40djz7+6U=
github.com/alecthomas/assert v0.0.0-20170929043011-405dbfeb8e38/go.mod h1:r7bzyVFMNntcxPZXK3/+KdruV1H5KSlyVY0gc+NgInI=
github.com/alecthomas/colour v0.0.0-20160524082231-60882d9e2721 h1:JHZL0hZKJ1VENNfmXvHbgYlbUOvpzYzvy2aZU5gXVeo=
github.com/alecthomas/colour v0.0.0-20160524082231-60882d9e2721/go.mod h1:QO9JBoKquHd+jz9nshCh40fOfO+JzsoXy8qTHF68zU0=
github.com/alecthomas/colour v0.1.0 h1:nOE9rJm6dsZ66RGWYSFrXw461ZIt9A6+nHgL7FRrDUk=
github.com/alecthomas/colour v0.1.0/go.mod h1:QO9JBoKquHd+jz9nshCh40fOfO+JzsoXy8qTHF68zU0=
github.com/alecthomas/kong v0.1.15/go.mod h1:0m2VYms8rH0qbCqVB2gvGHk74bqLIq0HXjCs5bNbNQU=
github.com/alecthomas/repr v0.0.0-20180818092828-117648cd9897/go.mod h1:xTS7Pm1pD1mvyM075QCDSRqH6qRLXylzS24ZTpRiSzQ=
github.com/alecthomas/repr v0.0.0-20181024024818-d37bc2a10ba1 h1:GDQdwm/gAcJcLAKQQZGOJ4knlw+7rfEQQcmwTbt4p5E=
github.com/alecthomas/repr v0.0.0-20181024024818-d37bc2a10ba1/go.mod h1:xTS7Pm1pD1mvyM075QCDSRqH6qRLXylzS24ZTpRiSzQ=
github.com/boombuler/barcode v1.0.0 h1:s1TvRnXwL2xJRaccrdcBQMZxq6X7DvsMogtmJeHDdrc=
github.com/boombuler/barcode v1.0.0/go.mod h1:paBWMcWSl3LHKBqUq+rly7CNSldXjb2rDl3JlRe0mD8=
github.com/chromedp/cdproto v0.0.0-20191009033829-c22f49c9ff0a h1:AuIGvB6IuWpMEdfKQ+t77D6dzLpNftzxAsktehYyWn8=
github.com/chromedp/cdproto v0.0.0-20191009033829-c22f49c9ff0a/go.mod h1:PfAWWKJqjlGFYJEidUM6aVIWPr0EpobeyVWEEmplX7g=
github.com/chromedp/cdproto v0.0.0-20191106214403-065a57e9115a h1:4PnuUGF6UhXw7fTX7u+tWiF+ueCE56mOQ7M2L65brTg=
github.com/chromedp/cdproto v0.0.0-20191106214403-065a57e9115a/go.mod h1:PfAWWKJqjlGFYJEidUM6aVIWPr0EpobeyVWEEmplX7g=
github.com/chromedp/chromedp v0.5.1 h1:PAqhoCWCHzRphYnmmxLSiYk7EEwDplCm4woTCCaV2cQ=
github.com/chromedp/chromedp v0.5.1/go.mod h1:3NMfuKTrKNr8PWEvHzdzZ57PK4jm9zW1C5nKiaWdxcM=
github.com/creack/pty v1.1.7 h1:6pwm8kMQKCmgUg0ZHTm5+/YvRK0s3THD/28+T6/kk4A=
github.com/creack/pty v1.1.7/go.mod h1:lj5s0c3V2DBrqTV7llrYr5NG6My20zk30Fl46Y7DoTY=
github.com/creack/pty v1.1.9 h1:uDmaGzcdjhF4i/plgjmEsriH11Y0o7RKapEf/LDaM3w=
github.com/creack/pty v1.1.9/go.mod h1:oKZEueFk5CKHvIhNR5MUki03XCEU+Q6VDXinZuGJ33E=
github.com/danwakefield/fnmatch v0.0.0-20160403171240-cbb64ac3d964 h1:y5HC9v93H5EPKqaS1UYVg1uYah5Xf51mBfIoWehClUQ=
github.com/danwakefield/fnmatch v0.0.0-20160403171240-cbb64ac3d964/go.mod h1:Xd9hchkHSWYkEqJwUGisez3G1QY8Ryz0sdWrLPMGjLk=
github.com/davecgh/go-spew v1.1.0 h1:ZDRjVQ15GmhC3fiQ8ni8+OwkZQO4DARzQgrnXU1Liz8=
github.com/davecgh/go-spew v1.1.0/go.mod h1:J7Y8YcW2NihsgmVo/mv3lAwl/skON4iLHjSsI+c5H38=
github.com/davecgh/go-spew v1.1.1 h1:vj9j/u1bqnvCEfJOwUhtlOARqs3+rkHYY13jYWTU97c=
github.com/davecgh/go-spew v1.1.1/go.mod h1:J7Y8YcW2NihsgmVo/mv3lAwl/skON4iLHjSsI+c5H38=
github.com/dgageot/chroma v0.4.1-0.20190326114921-11eec8e9afad h1:94OrT3247pR08dKpcLVKpLY2pva9CtvT47yIpe1AMjE=
github.com/dgageot/chroma v0.4.1-0.20190326114921-11eec8e9afad/go.mod h1:quT2EpvJNqkuPi6DmBHB+E33FXBgBBPzyH5++Dn1LPc=
github.com/dlclark/regexp2 v1.1.6 h1:CqB4MjHw0MFCDj+PHHjiESmHX+N7t0tJzKvC6M97BRg=
github.com/dlclark/regexp2 v1.1.6/go.mod h1:2pZnwuY/m+8K6iRw6wQdMtk+rH5tNGR1i55kozfMjCc=
github.com/dlclark/regexp2 v1.2.0 h1:8sAhBGEM0dRWogWqWyQeIJnxjWO6oIjl8FKqREDsGfk=
github.com/dlclark/regexp2 v1.2.0/go.mod h1:2pZnwuY/m+8K6iRw6wQdMtk+rH5tNGR1i55kozfMjCc=
github.com/elazarl/go-bindata-assetfs v1.0.0 h1:G/bYguwHIzWq9ZoyUQqrjTmJbbYn3j3CKKpKinvZLFk=
github.com/elazarl/go-bindata-assetfs v1.0.0/go.mod h1:v+YaWX3bdea5J/mo8dSETolEo7R71Vk1u8bnjau5yw4=
github.com/fsnotify/fsnotify v1.4.7 h1:IXs+QLmnXW2CcXuY+8Mzv/fWEsPGWxqefPtCP5CnV9I=
github.com/fsnotify/fsnotify v1.4.7/go.mod h1:jwhsz4b93w/PPRr/qN1Yymfu8t87LnFCMoQvtojpjFo=
github.com/gobwas/httphead v0.0.0-20180130184737-2c6c146eadee h1:s+21KNqlpePfkah2I+gwHF8xmJWRjooY+5248k6m4A0=
github.com/gobwas/httphead v0.0.0-20180130184737-2c6c146eadee/go.mod h1:L0fX3K22YWvt/FAX9NnzrNzcI4wNYi9Yku4O0LKYflo=
github.com/gobwas/pool v0.2.0 h1:QEmUOlnSjWtnpRGHF3SauEiOsy82Cup83Vf2LcMlnc8=
github.com/gobwas/pool v0.2.0/go.mod h1:q8bcK0KcYlCgd9e7WYLm9LpyS+YeLd8JVDW6WezmKEw=
github.com/gobwas/ws v1.0.2 h1:CoAavW/wd/kulfZmSIBt6p24n4j7tHgNVCjsfHVNUbo=
github.com/gobwas/ws v1.0.2/go.mod h1:szmBTxLgaFppYjEmNtny/v3w89xOydFnnZMcgRRu/EM=
github.com/gopherjs/gopherjs v0.0.0-20181017120253-0766667cb4d1 h1:EGx4pi6eqNxGaHF6qqu48+N2wcFQ5qg5FXgOdqsJ5d8=
github.com/gopherjs/gopherjs v0.0.0-20181017120253-0766667cb4d1/go.mod h1:wJfORRmW1u3UXTncJ5qlYoELFm8eSnnEO6hX4iZ3EWY=
github.com/gopherjs/gopherjs v0.0.0-20191106031601-ce3c9ade29de h1:F7WD09S8QB4LrkEpka0dFPLSotH11HRpCsLIbIcJ7sU=
github.com/gopherjs/gopherjs v0.0.0-20191106031601-ce3c9ade29de/go.mod h1:wJfORRmW1u3UXTncJ5qlYoELFm8eSnnEO6hX4iZ3EWY=
github.com/gorilla/mux v1.7.3 h1:gnP5JzjVOuiZD07fKKToCAOjS0yOpj/qPETTXCCS6hw=
github.com/gorilla/mux v1.7.3/go.mod h1:1lud6UwP+6orDFRuTfBEV8e9/aOM/c4fVVCaMa2zaAs=
github.com/gorilla/websocket v1.4.1 h1:q7AeDBpnBk8AogcD4DSag/Ukw/KV+YhzLj2bP5HvKCM=
github.com/gorilla/websocket v1.4.1/go.mod h1:YR8l580nyteQvAITg2hZ9XVh4b55+EU/adAjf1fMHhE=
github.com/jaschaephraim/lrserver v0.0.0-20171129202958-50d19f603f71 h1:24NdJ5N6gtrcoeS4JwLMeruKFmg20QdF/5UnX5S/j18=
github.com/jaschaephraim/lrserver v0.0.0-20171129202958-50d19f603f71/go.mod h1:ozZLfjiLmXytkIUh200wMeuoQJ4ww06wN+KZtFP6j3g=
github.com/jtolds/gls v4.20.0+incompatible h1:xdiiI2gbIgH/gLH7ADydsJ1uDOEzR8yvV7C0MuV77Wo=
github.com/jtolds/gls v4.20.0+incompatible/go.mod h1:QJZ7F/aHp+rZTRtaJ1ow/lLfFfVYBRgL+9YlvaHOwJU=
github.com/jung-kurt/gofpdf v1.0.0/go.mod h1:7Id9E/uU8ce6rXgefFLlgrJj/GYY22cpxn+r32jIOes=
github.com/jung-kurt/gofpdf v1.15.1 h1:vcj3SN7gwT+H6MoeTzZ+L58/i4cAAGW64Rl+cxKdpV0=
github.com/jung-kurt/gofpdf v1.15.1/go.mod h1:1hl7y57EsiPAkLbOwzpzqgx1A30nQCk/YmFV8S2vmK0=
github.com/knq/sysutil v0.0.0-20191005231841-15668db23d08 h1:V0an7KRw92wmJysvFvtqtKMAPmvS5O0jtB0nYo6t+gs=
github.com/knq/sysutil v0.0.0-20191005231841-15668db23d08/go.mod h1:dFWs1zEqDjFtnBXsd1vPOZaLsESovai349994nHx3e0=
github.com/kr/pretty v0.1.0 h1:L/CwN0zerZDmRFUapSPitk6f+Q3+0za1rQkzVuMiMFI=
github.com/kr/pretty v0.1.0/go.mod h1:dAy3ld7l9f0ibDNOQOHHMYYIIbhfbHSm3C4ZsoJORNo=
github.com/kr/pty v1.1.1/go.mod h1:pFQYn66WHrOpPYNljwOMqo10TkYh1fy3cYio2l3bCsQ=
github.com/kr/pty v1.1.8 h1:AkaSdXYQOWeaO3neb8EM634ahkXXe3jYbVh/F9lq+GI=
github.com/kr/pty v1.1.8/go.mod h1:O1sed60cT9XZ5uDucP5qwvh+TE3NnUj51EiZO/lmSfw=
github.com/kr/text v0.1.0 h1:45sCR5RtlFHMR4UwH9sdQ5TC8v0qDQCHnXt+kaKSTVE=
github.com/kr/text v0.1.0/go.mod h1:4Jbv+DJW3UT/LiOwJeYQe1efqtUx/iVham/4vfdArNI=
github.com/mailru/easyjson v0.7.0 h1:aizVhC/NAAcKWb+5QsU1iNOZb4Yws5UO2I+aIprQITM=
github.com/mailru/easyjson v0.7.0/go.mod h1:KAzv3t3aY1NaHWoQz1+4F1ccyAH66Jk7yos7ldAVICs=
github.com/mattn/go-colorable v0.0.9/go.mod h1:9vuHe8Xs5qXnSaW/c/ABM9alt+Vo+STaOChaDxuIBZU=
github.com/mattn/go-isatty v0.0.4/go.mod h1:M+lRXTBqGeGNdLjl/ufCoiOlB5xdOkqRJdNxMWT7Zi4=
github.com/mattn/go-isatty v0.0.10 h1:qxFzApOv4WsAL965uUPIsXzAKCZxN2p9UqdhFS4ZW10=
github.com/mattn/go-isatty v0.0.10/go.mod h1:qgIWMr58cqv1PHHyhnkY9lrL7etaEgOFcMEpPG5Rm84=
github.com/phpdave11/gofpdi v1.0.7/go.mod h1:vBmVV0Do6hSBHC8uKUQ71JGW+ZGQq74llk/7bXwjDoI=
github.com/pkg/errors v0.8.1 h1:iURUrRGxPUNPdy5/HRSm+Yj6okJ6UtLINN0Q9M4+h3I=
github.com/pkg/errors v0.8.1/go.mod h1:bwawxfHBFNV+L2hUp1rHADufV3IMtnDRdf1r5NINEl0=
github.com/pmezard/go-difflib v1.0.0 h1:4DBwDE0NGyQoBHbLQYPwSUPoCMWR5BEzIk/f1lZbAQM=
github.com/pmezard/go-difflib v1.0.0/go.mod h1:iKH77koFhYxTK1pcRnkKkqfTogsbg7gZNVY4sRDYZ/4=
github.com/radovskyb/watcher v1.0.7 h1:AYePLih6dpmS32vlHfhCeli8127LzkIgwJGcwwe8tUE=
github.com/radovskyb/watcher v1.0.7/go.mod h1:78okwvY5wPdzcb1UYnip1pvrZNIVEIh/Cm+ZuvsUYIg=
github.com/ruudk/golang-pdf417 v0.0.0-20181029194003-1af4ab5afa58/go.mod h1:6lfFZQK844Gfx8o5WFuvpxWRwnSoipWe/p622j1v06w=
github.com/sergi/go-diff v1.0.0 h1:Kpca3qRNrduNnOQeazBd0ysaKrUJiIuISHxogkT9RPQ=
github.com/sergi/go-diff v1.0.0/go.mod h1:0CfEIISq7TuYL3j771MWULgwwjU+GofnZX9QAmXWZgo=
github.com/smartystreets/assertions v0.0.0-20180927180507-b2de0cb4f26d h1:zE9ykElWQ6/NYmHa3jpm/yHnI4xSofP+UP6SpjHcSeM=
github.com/smartystreets/assertions v0.0.0-20180927180507-b2de0cb4f26d/go.mod h1:OnSkiWE9lh6wB0YB77sQom3nweQdgAjqCqsofrRNTgc=
github.com/smartystreets/assertions v1.0.1 h1:voD4ITNjPL5jjBfgR/r8fPIIBrliWrWHeiJApdr3r4w=
github.com/smartystreets/assertions v1.0.1/go.mod h1:kHHU4qYBaI3q23Pp3VPrmWhuIUrLW/7eUrw0BU5VaoM=
github.com/smartystreets/goconvey v1.6.4 h1:fv0U8FUIMPNf1L9lnHLvLhgicrIVChEkdzIKYqbNC9s=
github.com/smartystreets/goconvey v1.6.4/go.mod h1:syvi0/a8iFYH4r/RixwvyeAJjdLS9QV7WQ/tjFTllLA=
github.com/stretchr/objx v0.1.0/go.mod h1:HFkY916IF+rwdDfMAkV7OtwuqBVzrE8GR6GFx+wExME=
github.com/stretchr/testify v1.2.2/go.mod h1:a8OnRcib4nhh0OaRAV+Yts87kKdq0PP7pXfy6kDkUVs=
github.com/stretchr/testify v1.3.0 h1:TivCn/peBQ7UY8ooIcPgZFpTNSz0Q2U6UrFlUfqbe0Q=
github.com/stretchr/testify v1.3.0/go.mod h1:M5WIy9Dh21IEIfnGCwXGc5bZfKNJtfHm1UVUgZn+9EI=
github.com/stretchr/testify v1.4.0 h1:2E4SXV/wtOkTonXsotYi4li6zVWxYlZuYNCXe9XRJyk=
github.com/stretchr/testify v1.4.0/go.mod h1:j7eGeouHqKxXV5pUuKE4zz7dFj8WfuZ+81PSLYec5m4=
github.com/yudai/gotty v2.0.0-alpha.3+incompatible h1:eUFSuV4B2g+Rj+PS3HxhvOGEu2klWRzsl/7z7T/NUJQ=
github.com/yudai/gotty v2.0.0-alpha.3+incompatible/go.mod h1:QBg0hL6VTVdqQk0qoBYk631EHLRH+XtR4wtbVi64UJ4=
golang.org/x/crypto v0.0.0-20190308221718-c2843e01d9a2/go.mod h1:djNgcEr1/C05ACkg1iLfiJU5Ep61QUkGW8qpdssI0+w=
golang.org/x/image v0.0.0-20190910094157-69e4b8554b2a/go.mod h1:FeLwcggjj3mMvU+oOTbSwawSJRM1uh48EjtB4UJZlP0=
golang.org/x/net v0.0.0-20190311183353-d8887717615a/go.mod h1:t9HGtf8HONx5eT2rtn7q6eTqICYqUVnKs3thJo3Qplg=
golang.org/x/sys v0.0.0-20181128092732-4ed8d59d0b35/go.mod h1:STP8DvDyc/dI5b8T5hshtkjS+E42TnysNCUPdjciGhY=
golang.org/x/sys v0.0.0-20190215142949-d0b11bdaac8a/go.mod h1:STP8DvDyc/dI5b8T5hshtkjS+E42TnysNCUPdjciGhY=
golang.org/x/sys v0.0.0-20191008105621-543471e840be/go.mod h1:h1NjWce9XRLGQEsW7wpKNCjG9DtNlClVuFLEZdDNbEs=
golang.org/x/sys v0.0.0-20191110163157-d32e6e3b99c4 h1:Hynbrlo6LbYI3H1IqXpkVDOcX/3HiPdhVEuyj5a59RM=
golang.org/x/sys v0.0.0-20191110163157-d32e6e3b99c4/go.mod h1:h1NjWce9XRLGQEsW7wpKNCjG9DtNlClVuFLEZdDNbEs=
golang.org/x/text v0.3.0/go.mod h1:NqM8EUOU14njkJ3fqMW+pc6Ldnwhi/IjpwHt7yyuwOQ=
golang.org/x/tools v0.0.0-20190328211700-ab21143f2384/go.mod h1:LCzVGOaR6xXOjkQ3onu1FJEFr0SW1gC7cKk1uF8kGRs=
gopkg.in/check.v1 v0.0.0-20161208181325-20d25e280405 h1:yhCVgyC4o1eVCa2tZl7eS0r+SDo693bJlVdllGtEeKM=
gopkg.in/check.v1 v0.0.0-20161208181325-20d25e280405/go.mod h1:Co6ibVJAznAaIkqp8huTwlJQCZ016jof/cbN4VW5Yz0=
gopkg.in/check.v1 v1.0.0-20190902080502-41f04d3bba15 h1:YR8cESwS4TdDjEe65xsg0ogRM/Nc3DYOhEAlW+xobZo=
gopkg.in/check.v1 v1.0.0-20190902080502-41f04d3bba15/go.mod h1:Co6ibVJAznAaIkqp8huTwlJQCZ016jof/cbN4VW5Yz0=
gopkg.in/fsnotify.v1 v1.4.7 h1:xOHLXZwVvI9hhs+cLKq5+I5onOuwQLhQwiu63xxlHs4=
gopkg.in/fsnotify.v1 v1.4.7/go.mod h1:Tz8NjZHkW78fSQdbUxIjBTcgA1z1m8ZHf0WmKUhAMys=
gopkg.in/yaml.v2 v2.2.2 h1:ZCJp+EgiOT7lHqUV2J862kp8Qj64Jo6az82+3Td9dZw=
gopkg.in/yaml.v2 v2.2.2/go.mod h1:hI93XBmqTisBFMUTm0b8Fm+jr3Dg1NNxqwp+5A1VGuI=
gopkg.in/yaml.v2 v2.2.5 h1:ymVxjfMaHvXD8RqPRmzHHsB3VvucivSkIAvJFDI5O3c=
gopkg.in/yaml.v2 v2.2.5/go.mod h1:hI93XBmqTisBFMUTm0b8Fm+jr3Dg1NNxqwp+5A1VGuI=
